
Microsoft Visual Studio Solution File, Format Version 12.00
# Visual Studio 15
VisualStudioVersion = 15.0.28307.1022
MinimumVisualStudioVersion = 10.0.40219.1
Project("{FAE04EC0-301F-11D3-BF4B-00C04F79EFBC}") = "AppGessa.Android", "AppGessa\AppGessa.Android\AppGessa.Android.csproj", "{6BABB63D-2A6C-4D8B-83BB-1B2C752A1444}"
EndProject
Project("{FAE04EC0-301F-11D3-BF4B-00C04F79EFBC}") = "AppGessa.iOS", "AppGessa\AppGessa.iOS\AppGessa.iOS.csproj", "{9E9FCAA4-9965-4676-B72C-C513C9067DB0}"
EndProject
Project("{FAE04EC0-301F-11D3-BF4B-00C04F79EFBC}") = "AppGessa", "AppGessa\AppGessa\AppGessa.csproj", "{B6F7C964-98BA-44B3-AD9F-6F9BE887EF30}"
EndProject
Global
	GlobalSection(SolutionConfigurationPlatforms) = preSolution
		Ad-Hoc|Any CPU = Ad-Hoc|Any CPU
		Ad-Hoc|iPhone = Ad-Hoc|iPhone
		Ad-Hoc|iPhoneSimulator = Ad-Hoc|iPhoneSimulator
		AppStore|Any CPU = AppStore|Any CPU
		AppStore|iPhone = AppStore|iPhone
		AppStore|iPhoneSimulator = AppStore|iPhoneSimulator
		Debug|Any CPU = Debug|Any CPU
		Debug|iPhone = Debug|iPhone
		Debug|iPhoneSimulator = Debug|iPhoneSimulator
		Release|Any CPU = Release|Any CPU
		Release|iPhone = Release|iPhone
		Release|iPhoneSimulator = Release|iPhoneSimulator
	EndGlobalSection
	GlobalSection(ProjectConfigurationPlatforms) = postSolution
		{6BABB63D-2A6C-4D8B-83BB-1B2C752A1444}.Ad-Hoc|Any CPU.ActiveCfg = Release|Any CPU
		{6BABB63D-2A6C-4D8B-83BB-1B2C752A1444}.Ad-Hoc|Any CPU.Build.0 = Release|Any CPU
		{6BABB63D-2A6C-4D8B-83BB-1B2C752A1444}.Ad-Hoc|Any CPU.Deploy.0 = Release|Any CPU
		{6BABB63D-2A6C-4D8B-83BB-1B2C752A1444}.Ad-Hoc|iPhone.ActiveCfg = Release|Any CPU
		{6BABB63D-2A6C-4D8B-83BB-1B2C752A1444}.Ad-Hoc|iPhone.Build.0 = Release|Any CPU
		{6BABB63D-2A6C-4D8B-83BB-1B2C752A1444}.Ad-Hoc|iPhone.Deploy.0 = Release|Any CPU
		{6BABB63D-2A6C-4D8B-83BB-1B2C752A1444}.Ad-Hoc|iPhoneSimulator.ActiveCfg = Release|Any CPU
		{6BABB63D-2A6C-4D8B-83BB-1B2C752A1444}.Ad-Hoc|iPhoneSimulator.Build.0 = Release|Any CPU
		{6BABB63D-2A6C-4D8B-83BB-1B2C752A1444}.Ad-Hoc|iPhoneSimulator.Deploy.0 = Release|Any CPU
		{6BABB63D-2A6C-4D8B-83BB-1B2C752A1444}.AppStore|Any CPU.ActiveCfg = Release|Any CPU
		{6BABB63D-2A6C-4D8B-83BB-1B2C752A1444}.AppStore|Any CPU.Build.0 = Release|Any CPU
		{6BABB63D-2A6C-4D8B-83BB-1B2C752A1444}.AppStore|Any CPU.Deploy.0 = Release|Any CPU
		{6BABB63D-2A6C-4D8B-83BB-1B2C752A1444}.AppStore|iPhone.ActiveCfg = Release|Any CPU
		{6BABB63D-2A6C-4D8B-83BB-1B2C752A1444}.AppStore|iPhone.Build.0 = Release|Any CPU
		{6BABB63D-2A6C-4D8B-83BB-1B2C752A1444}.AppStore|iPhone.Deploy.0 = Release|Any CPU
		{6BABB63D-2A6C-4D8B-83BB-1B2C752A1444}.AppStore|iPhoneSimulator.ActiveCfg = Release|Any CPU
		{6BABB63D-2A6C-4D8B-83BB-1B2C752A1444}.AppStore|iPhoneSimulator.Build.0 = Release|Any CPU
		{6BABB63D-2A6C-4D8B-83BB-1B2C752A1444}.AppStore|iPhoneSimulator.Deploy.0 = Release|Any CPU
		{6BABB63D-2A6C-4D8B-83BB-1B2C752A1444}.Debug|Any CPU.ActiveCfg = Debug|Any CPU
		{6BABB63D-2A6C-4D8B-83BB-1B2C752A1444}.Debug|Any CPU.Build.0 = Debug|Any CPU
		{6BABB63D-2A6C-4D8B-83BB-1B2C752A1444}.Debug|Any CPU.Deploy.0 = Debug|Any CPU
		{6BABB63D-2A6C-4D8B-83BB-1B2C752A1444}.Debug|iPhone.ActiveCfg = Debug|Any CPU
		{6BABB63D-2A6C-4D8B-83BB-1B2C752A1444}.Debug|iPhone.Build.0 = Debug|Any CPU
		{6BABB63D-2A6C-4D8B-83BB-1B2C752A1444}.Debug|iPhone.Deploy.0 = Debug|Any CPU
		{6BABB63D-2A6C-4D8B-83BB-1B2C752A1444}.Debug|iPhoneSimulator.ActiveCfg = Debug|Any CPU
		{6BABB63D-2A6C-4D8B-83BB-1B2C752A1444}.Debug|iPhoneSimulator.Build.0 = Debug|Any CPU
		{6BABB63D-2A6C-4D8B-83BB-1B2C752A1444}.Debug|iPhoneSimulator.Deploy.0 = Debug|Any CPU
		{6BABB63D-2A6C-4D8B-83BB-1B2C752A1444}.Release|Any CPU.ActiveCfg = Release|Any CPU
		{6BABB63D-2A6C-4D8B-83BB-1B2C752A1444}.Release|Any CPU.Build.0 = Release|Any CPU
		{6BABB63D-2A6C-4D8B-83BB-1B2C752A1444}.Release|Any CPU.Deploy.0 = Release|Any CPU
		{6BABB63D-2A6C-4D8B-83BB-1B2C752A1444}.Release|iPhone.ActiveCfg = Release|Any CPU
		{6BABB63D-2A6C-4D8B-83BB-1B2C752A1444}.Release|iPhone.Build.0 = Release|Any CPU
		{6BABB63D-2A6C-4D8B-83BB-1B2C752A1444}.Release|iPhone.Deploy.0 = Release|Any CPU
		{6BABB63D-2A6C-4D8B-83BB-1B2C752A1444}.Release|iPhoneSimulator.ActiveCfg = Release|Any CPU
		{6BABB63D-2A6C-4D8B-83BB-1B2C752A1444}.Release|iPhoneSimulator.Build.0 = Release|Any CPU
		{6BABB63D-2A6C-4D8B-83BB-1B2C752A1444}.Release|iPhoneSimulator.Deploy.0 = Release|Any CPU
		{9E9FCAA4-9965-4676-B72C-C513C9067DB0}.Ad-Hoc|Any CPU.ActiveCfg = Ad-Hoc|iPhone
		{9E9FCAA4-9965-4676-B72C-C513C9067DB0}.Ad-Hoc|Any CPU.Build.0 = Ad-Hoc|iPhone
		{9E9FCAA4-9965-4676-B72C-C513C9067DB0}.Ad-Hoc|Any CPU.Deploy.0 = Ad-Hoc|iPhone
		{9E9FCAA4-9965-4676-B72C-C513C9067DB0}.Ad-Hoc|iPhone.ActiveCfg = Ad-Hoc|iPhone
		{9E9FCAA4-9965-4676-B72C-C513C9067DB0}.Ad-Hoc|iPhone.Build.0 = Ad-Hoc|iPhone
		{9E9FCAA4-9965-4676-B72C-C513C9067DB0}.Ad-Hoc|iPhone.Deploy.0 = Ad-Hoc|iPhone
		{9E9FCAA4-9965-4676-B72C-C513C9067DB0}.Ad-Hoc|iPhoneSimulator.ActiveCfg = Ad-Hoc|iPhoneSimulator
		{9E9FCAA4-9965-4676-B72C-C513C9067DB0}.Ad-Hoc|iPhoneSimulator.Build.0 = Ad-Hoc|iPhoneSimulator
		{9E9FCAA4-9965-4676-B72C-C513C9067DB0}.Ad-Hoc|iPhoneSimulator.Deploy.0 = Ad-Hoc|iPhoneSimulator
		{9E9FCAA4-9965-4676-B72C-C513C9067DB0}.AppStore|Any CPU.ActiveCfg = AppStore|iPhone
		{9E9FCAA4-9965-4676-B72C-C513C9067DB0}.AppStore|Any CPU.Build.0 = AppStore|iPhone
		{9E9FCAA4-9965-4676-B72C-C513C9067DB0}.AppStore|Any CPU.Deploy.0 = AppStore|iPhone
		{9E9FCAA4-9965-4676-B72C-C513C9067DB0}.AppStore|iPhone.ActiveCfg = AppStore|iPhone
		{9E9FCAA4-9965-4676-B72C-C513C9067DB0}.AppStore|iPhone.Build.0 = AppStore|iPhone
		{9E9FCAA4-9965-4676-B72C-C513C9067DB0}.AppStore|iPhone.Deploy.0 = AppStore|iPhone
		{9E9FCAA4-9965-4676-B72C-C513C9067DB0}.AppStore|iPhoneSimulator.ActiveCfg = AppStore|iPhoneSimulator
		{9E9FCAA4-9965-4676-B72C-C513C9067DB0}.AppStore|iPhoneSimulator.Build.0 = AppStore|iPhoneSimulator
		{9E9FCAA4-9965-4676-B72C-C513C9067DB0}.AppStore|iPhoneSimulator.Deploy.0 = AppStore|iPhoneSimulator
		{9E9FCAA4-9965-4676-B72C-C513C9067DB0}.Debug|Any CPU.ActiveCfg = Debug|iPhoneSimulator
		{9E9FCAA4-9965-4676-B72C-C513C9067DB0}.Debug|Any CPU.Build.0 = Debug|iPhoneSimulator
		{9E9FCAA4-9965-4676-B72C-C513C9067DB0}.Debug|Any CPU.Deploy.0 = Debug|iPhoneSimulator
		{9E9FCAA4-9965-4676-B72C-C513C9067DB0}.Debug|iPhone.ActiveCfg = Debug|iPhone
		{9E9FCAA4-9965-4676-B72C-C513C9067DB0}.Debug|iPhone.Build.0 = Debug|iPhone
		{9E9FCAA4-9965-4676-B72C-C513C9067DB0}.Debug|iPhone.Deploy.0 = Debug|iPhone
		{9E9FCAA4-9965-4676-B72C-C513C9067DB0}.Debug|iPhoneSimulator.ActiveCfg = Debug|iPhoneSimulator
		{9E9FCAA4-9965-4676-B72C-C513C9067DB0}.Debug|iPhoneSimulator.Build.0 = Debug|iPhoneSimulator
		{9E9FCAA4-9965-4676-B72C-C513C9067DB0}.Debug|iPhoneSimulator.Deploy.0 = Debug|iPhoneSimulator
		{9E9FCAA4-9965-4676-B72C-C513C9067DB0}.Release|Any CPU.ActiveCfg = Release|iPhone
		{9E9FCAA4-9965-4676-B72C-C513C9067DB0}.Release|Any CPU.Build.0 = Release|iPhone
		{9E9FCAA4-9965-4676-B72C-C513C9067DB0}.Release|Any CPU.Deploy.0 = Release|iPhone
		{9E9FCAA4-9965-4676-B72C-C513C9067DB0}.Release|iPhone.ActiveCfg = Release|iPhone
		{9E9FCAA4-9965-4676-B72C-C513C9067DB0}.Release|iPhone.Build.0 = Release|iPhone
		{9E9FCAA4-9965-4676-B72C-C513C9067DB0}.Release|iPhone.Deploy.0 = Release|iPhone
		{9E9FCAA4-9965-4676-B72C-C513C9067DB0}.Release|iPhoneSimulator.ActiveCfg = Release|iPhoneSimulator
		{9E9FCAA4-9965-4676-B72C-C513C9067DB0}.Release|iPhoneSimulator.Build.0 = Release|iPhoneSimulator
		{9E9FCAA4-9965-4676-B72C-C513C9067DB0}.Release|iPhoneSimulator.Deploy.0 = Release|iPhoneSimulator
		{B6F7C964-98BA-44B3-AD9F-6F9BE887EF30}.Ad-Hoc|Any CPU.ActiveCfg = Debug|Any CPU
		{B6F7C964-98BA-44B3-AD9F-6F9BE887EF30}.Ad-Hoc|Any CPU.Build.0 = Debug|Any CPU
		{B6F7C964-98BA-44B3-AD9F-6F9BE887EF30}.Ad-Hoc|Any CPU.Deploy.0 = Debug|Any CPU
		{B6F7C964-98BA-44B3-AD9F-6F9BE887EF30}.Ad-Hoc|iPhone.ActiveCfg = Debug|Any CPU
		{B6F7C964-98BA-44B3-AD9F-6F9BE887EF30}.Ad-Hoc|iPhone.Build.0 = Debug|Any CPU
		{B6F7C964-98BA-44B3-AD9F-6F9BE887EF30}.Ad-Hoc|iPhone.Deploy.0 = Debug|Any CPU
		{B6F7C964-98BA-44B3-AD9F-6F9BE887EF30}.Ad-Hoc|iPhoneSimulator.ActiveCfg = Debug|Any CPU
		{B6F7C964-98BA-44B3-AD9F-6F9BE887EF30}.Ad-Hoc|iPhoneSimulator.Build.0 = Debug|Any CPU
		{B6F7C964-98BA-44B3-AD9F-6F9BE887EF30}.Ad-Hoc|iPhoneSimulator.Deploy.0 = Debug|Any CPU
		{B6F7C964-98BA-44B3-AD9F-6F9BE887EF30}.AppStore|Any CPU.ActiveCfg = Debug|Any CPU
		{B6F7C964-98BA-44B3-AD9F-6F9BE887EF30}.AppStore|Any CPU.Build.0 = Debug|Any CPU
		{B6F7C964-98BA-44B3-AD9F-6F9BE887EF30}.AppStore|Any CPU.Deploy.0 = Debug|Any CPU
		{B6F7C964-98BA-44B3-AD9F-6F9BE887EF30}.AppStore|iPhone.ActiveCfg = Debug|Any CPU
		{B6F7C964-98BA-44B3-AD9F-6F9BE887EF30}.AppStore|iPhone.Build.0 = Debug|Any CPU
		{B6F7C964-98BA-44B3-AD9F-6F9BE887EF30}.AppStore|iPhone.Deploy.0 = Debug|Any CPU
		{B6F7C964-98BA-44B3-AD9F-6F9BE887EF30}.AppStore|iPhoneSimulator.ActiveCfg = Debug|Any CPU
		{B6F7C964-98BA-44B3-AD9F-6F9BE887EF30}.AppStore|iPhoneSimulator.Build.0 = Debug|Any CPU
		{B6F7C964-98BA-44B3-AD9F-6F9BE887EF30}.AppStore|iPhoneSimulator.Deploy.0 = Debug|Any CPU
		{B6F7C964-98BA-44B3-AD9F-6F9BE887EF30}.Debug|Any CPU.ActiveCfg = Debug|Any CPU
		{B6F7C964-98BA-44B3-AD9F-6F9BE887EF30}.Debug|Any CPU.Build.0 = Debug|Any CPU
		{B6F7C964-98BA-44B3-AD9F-6F9BE887EF30}.Debug|Any CPU.Deploy.0 = Debug|Any CPU
		{B6F7C964-98BA-44B3-AD9F-6F9BE887EF30}.Debug|iPhone.ActiveCfg = Debug|Any CPU
		{B6F7C964-98BA-44B3-AD9F-6F9BE887EF30}.Debug|iPhone.Build.0 = Debug|Any CPU
		{B6F7C964-98BA-44B3-AD9F-6F9BE887EF30}.Debug|iPhone.Deploy.0 = Debug|Any CPU
		{B6F7C964-98BA-44B3-AD9F-6F9BE887EF30}.Debug|iPhoneSimulator.ActiveCfg = Debug|Any CPU
		{B6F7C964-98BA-44B3-AD9F-6F9BE887EF30}.Debug|iPhoneSimulator.Build.0 = Debug|Any CPU
		{B6F7C964-98BA-44B3-AD9F-6F9BE887EF30}.Debug|iPhoneSimulator.Deploy.0 = Debug|Any CPU
		{B6F7C964-98BA-44B3-AD9F-6F9BE887EF30}.Release|Any CPU.ActiveCfg = Release|Any CPU
		{B6F7C964-98BA-44B3-AD9F-6F9BE887EF30}.Release|Any CPU.Build.0 = Release|Any CPU
		{B6F7C964-98BA-44B3-AD9F-6F9BE887EF30}.Release|Any CPU.Deploy.0 = Release|Any CPU
		{B6F7C964-98BA-44B3-AD9F-6F9BE887EF30}.Release|iPhone.ActiveCfg = Release|Any CPU
		{B6F7C964-98BA-44B3-AD9F-6F9BE887EF30}.Release|iPhone.Build.0 = Release|Any CPU
		{B6F7C964-98BA-44B3-AD9F-6F9BE887EF30}.Release|iPhone.Deploy.0 = Release|Any CPU
		{B6F7C964-98BA-44B3-AD9F-6F9BE887EF30}.Release|iPhoneSimulator.ActiveCfg = Release|Any CPU
		{B6F7C964-98BA-44B3-AD9F-6F9BE887EF30}.Release|iPhoneSimulator.Build.0 = Release|Any CPU
		{B6F7C964-98BA-44B3-AD9F-6F9BE887EF30}.Release|iPhoneSimulator.Deploy.0 = Release|Any CPU
	EndGlobalSection
	GlobalSection(SolutionProperties) = preSolution
		HideSolutionNode = FALSE
	EndGlobalSection
	GlobalSection(ExtensibilityGlobals) = postSolution
		SolutionGuid = {5790BD3D-EC03-4CF9-ABD1-CBA3A6EC4640}
	EndGlobalSection
EndGlobal
